// !$*UTF8*$!
{
	archiveVersion = 1;
	classes = {
	};
	objectVersion = 77;
	objects = {

/* Begin PBXContainerItemProxy section */
		5A46D2182E7A9BCF005EFE8D /* PBXContainerItemProxy */ = {
			isa = PBXContainerItemProxy;
			containerPortal = 5A46D2002E7A9BCE005EFE8D /* Project object */;
			proxyType = 1;
			remoteGlobalIDString = 5A46D2072E7A9BCE005EFE8D;
			remoteInfo = VehicleCompanion;
		};
		5A46D2222E7A9BCF005EFE8D /* PBXContainerItemProxy */ = {
			isa = PBXContainerItemProxy;
			containerPortal = 5A46D2002E7A9BCE005EFE8D /* Project object */;
			proxyType = 1;
			remoteGlobalIDString = 5A46D2072E7A9BCE005EFE8D;
			remoteInfo = VehicleCompanion;
		};
/* End PBXContainerItemProxy section */

/* Begin PBXFileReference section */
		5A46D2082E7A9BCE005EFE8D /* VehicleCompanion.app */ = {isa = PBXFileReference; explicitFileType = wrapper.application; includeInIndex = 0; path = VehicleCompanion.app; sourceTree = BUILT_PRODUCTS_DIR; };
		5A46D2172E7A9BCF005EFE8D /* VehicleCompanionTests.xctest */ = {isa = PBXFileReference; explicitFileType = wrapper.cfbundle; includeInIndex = 0; path = VehicleCompanionTests.xctest; sourceTree = BUILT_PRODUCTS_DIR; };
		5A46D2212E7A9BCF005EFE8D /* VehicleCompanionUITests.xctest */ = {isa = PBXFileReference; explicitFileType = wrapper.cfbundle; includeInIndex = 0; path = VehicleCompanionUITests.xctest; sourceTree = BUILT_PRODUCTS_DIR; };
/* End PBXFileReference section */

/* Begin PBXFileSystemSynchronizedRootGroup section */
		5A46D20A2E7A9BCE005EFE8D /* VehicleCompanion */ = {
			isa = PBXFileSystemSynchronizedRootGroup;
			path = VehicleCompanion;
			sourceTree = "<group>";
		};
		5A46D21A2E7A9BCF005EFE8D /* VehicleCompanionTests */ = {
			isa = PBXFileSystemSynchronizedRootGroup;
			path = VehicleCompanionTests;
			sourceTree = "<group>";
		};
		5A46D2242E7A9BCF005EFE8D /* VehicleCompanionUITests */ = {
			isa = PBXFileSystemSynchronizedRootGroup;
			path = VehicleCompanionUITests;
			sourceTree = "<group>";
		};
/* End PBXFileSystemSynchronizedRootGroup section */

/* Begin PBXFrameworksBuildPhase section */
		5A46D2052E7A9BCE005EFE8D /* Frameworks */ = {
			isa = PBXFrameworksBuildPhase;
			buildActionMask = 2147483647;
			files = (
			);
			runOnlyForDeploymentPostprocessing = 0;
		};
		5A46D2142E7A9BCF005EFE8D /* Frameworks */ = {
			isa = PBXFrameworksBuildPhase;
			buildActionMask = 2147483647;
			files = (
			);
			runOnlyForDeploymentPostprocessing = 0;
		};
		5A46D21E2E7A9BCF005EFE8D /* Frameworks */ = {
			isa = PBXFrameworksBuildPhase;
			buildActionMask = 2147483647;
			files = (
			);
			runOnlyForDeploymentPostprocessing = 0;
		};
/* End PBXFrameworksBuildPhase section */

/* Begin PBXGroup section */
		5A46D1FF2E7A9BCE005EFE8D = {
			isa = PBXGroup;
			children = (
				5A46D20A2E7A9BCE005EFE8D /* VehicleCompanion */,
				5A46D21A2E7A9BCF005EFE8D /* VehicleCompanionTests */,
				5A46D2242E7A9BCF005EFE8D /* VehicleCompanionUITests */,
				5A46D2092E7A9BCE005EFE8D /* Products */,
			);
			sourceTree = "<group>";
		};
		5A46D2092E7A9BCE005EFE8D /* Products */ = {
			isa = PBXGroup;
			children = (
				5A46D2082E7A9BCE005EFE8D /* VehicleCompanion.app */,
				5A46D2172E7A9BCF005EFE8D /* VehicleCompanionTests.xctest */,
				5A46D2212E7A9BCF005EFE8D /* VehicleCompanionUITests.xctest */,
			);
			name = Products;
			sourceTree = "<group>";
		};
/* End PBXGroup section */

/* Begin PBXNativeTarget section */
		5A46D2072E7A9BCE005EFE8D /* VehicleCompanion */ = {
			isa = PBXNativeTarget;
			buildConfigurationList = 5A46D22B2E7A9BCF005EFE8D /* Build configuration list for PBXNativeTarget "VehicleCompanion" */;
			buildPhases = (
				5A46D2042E7A9BCE005EFE8D /* Sources */,
				5A46D2052E7A9BCE005EFE8D /* Frameworks */,
				5A46D2062E7A9BCE005EFE8D /* Resources */,
			);
			buildRules = (
			);
			dependencies = (
			);
			fileSystemSynchronizedGroups = (
				5A46D20A2E7A9BCE005EFE8D /* VehicleCompanion */,
			);
			name = VehicleCompanion;
			packageProductDependencies = (
			);
			productName = VehicleCompanion;
			productReference = 5A46D2082E7A9BCE005EFE8D /* VehicleCompanion.app */;
			productType = "com.apple.product-type.application";
		};
		5A46D2162E7A9BCF005EFE8D /* VehicleCompanionTests */ = {
			isa = PBXNativeTarget;
			buildConfigurationList = 5A46D22E2E7A9BCF005EFE8D /* Build configuration list for PBXNativeTarget "VehicleCompanionTests" */;
			buildPhases = (
				5A46D2132E7A9BCF005EFE8D /* Sources */,
				5A46D2142E7A9BCF005EFE8D /* Frameworks */,
				5A46D2152E7A9BCF005EFE8D /* Resources */,
			);
			buildRules = (
			);
			dependencies = (
				5A46D2192E7A9BCF005EFE8D /* PBXTargetDependency */,
			);
			fileSystemSynchronizedGroups = (
				5A46D21A2E7A9BCF005EFE8D /* VehicleCompanionTests */,
			);
			name = VehicleCompanionTests;
			packageProductDependencies = (
			);
			productName = VehicleCompanionTests;
			productReference = 5A46D2172E7A9BCF005EFE8D /* VehicleCompanionTests.xctest */;
			productType = "com.apple.product-type.bundle.unit-test";
		};
		5A46D2202E7A9BCF005EFE8D /* VehicleCompanionUITests */ = {
			isa = PBXNativeTarget;
			buildConfigurationList = 5A46D2312E7A9BCF005EFE8D /* Build configuration list for PBXNativeTarget "VehicleCompanionUITests" */;
			buildPhases = (
				5A46D21D2E7A9BCF005EFE8D /* Sources */,
				5A46D21E2E7A9BCF005EFE8D /* Frameworks */,
				5A46D21F2E7A9BCF005EFE8D /* Resources */,
			);
			buildRules = (
			);
			dependencies = (
				5A46D2232E7A9BCF005EFE8D /* PBXTargetDependency */,
			);
			fileSystemSynchronizedGroups = (
				5A46D2242E7A9BCF005EFE8D /* VehicleCompanionUITests */,
			);
			name = VehicleCompanionUITests;
			packageProductDependencies = (
			);
			productName = VehicleCompanionUITests;
			productReference = 5A46D2212E7A9BCF005EFE8D /* VehicleCompanionUITests.xctest */;
			productType = "com.apple.product-type.bundle.ui-testing";
		};
/* End PBXNativeTarget section */

/* Begin PBXProject section */
		5A46D2002E7A9BCE005EFE8D /* Project object */ = {
			isa = PBXProject;
			attributes = {
				BuildIndependentTargetsInParallel = 1;
				LastSwiftUpdateCheck = 2600;
				LastUpgradeCheck = 2600;
				TargetAttributes = {
					5A46D2072E7A9BCE005EFE8D = {
						CreatedOnToolsVersion = 26.0;
					};
					5A46D2162E7A9BCF005EFE8D = {
						CreatedOnToolsVersion = 26.0;
						TestTargetID = 5A46D2072E7A9BCE005EFE8D;
					};
					5A46D2202E7A9BCF005EFE8D = {
						CreatedOnToolsVersion = 26.0;
						TestTargetID = 5A46D2072E7A9BCE005EFE8D;
					};
				};
			};
			buildConfigurationList = 5A46D2032E7A9BCE005EFE8D /* Build configuration list for PBXProject "VehicleCompanion" */;
			developmentRegion = en;
			hasScannedForEncodings = 0;
			knownRegions = (
				en,
				Base,
			);
			mainGroup = 5A46D1FF2E7A9BCE005EFE8D;
			minimizedProjectReferenceProxies = 1;
			preferredProjectObjectVersion = 77;
			productRefGroup = 5A46D2092E7A9BCE005EFE8D /* Products */;
			projectDirPath = "";
			projectRoot = "";
			targets = (
				5A46D2072E7A9BCE005EFE8D /* VehicleCompanion */,
				5A46D2162E7A9BCF005EFE8D /* VehicleCompanionTests */,
				5A46D2202E7A9BCF005EFE8D /* VehicleCompanionUITests */,
			);
		};
/* End PBXProject section */

/* Begin PBXResourcesBuildPhase section */
		5A46D2062E7A9BCE005EFE8D /* Resources */ = {
			isa = PBXResourcesBuildPhase;
			buildActionMask = 2147483647;
			files = (
			);
			runOnlyForDeploymentPostprocessing = 0;
		};
		5A46D2152E7A9BCF005EFE8D /* Resources */ = {
			isa = PBXResourcesBuildPhase;
			buildActionMask = 2147483647;
			files = (
			);
			runOnlyForDeploymentPostprocessing = 0;
		};
		5A46D21F2E7A9BCF005EFE8D /* Resources */ = {
			isa = PBXResourcesBuildPhase;
			buildActionMask = 2147483647;
			files = (
			);
			runOnlyForDeploymentPostprocessing = 0;
		};
/* End PBXResourcesBuildPhase section */

/* Begin PBXSourcesBuildPhase section */
		5A46D2042E7A9BCE005EFE8D /* Sources */ = {
			isa = PBXSourcesBuildPhase;
			buildActionMask = 2147483647;
			files = (
			);
			runOnlyForDeploymentPostprocessing = 0;
		};
		5A46D2132E7A9BCF005EFE8D /* Sources */ = {
			isa = PBXSourcesBuildPhase;
			buildActionMask = 2147483647;
			files = (
			);
			runOnlyForDeploymentPostprocessing = 0;
		};
		5A46D21D2E7A9BCF005EFE8D /* Sources */ = {
			isa = PBXSourcesBuildPhase;
			buildActionMask = 2147483647;
			files = (
			);
			runOnlyForDeploymentPostprocessing = 0;
		};
/* End PBXSourcesBuildPhase section */

/* Begin PBXTargetDependency section */
		5A46D2192E7A9BCF005EFE8D /* PBXTargetDependency */ = {
			isa = PBXTargetDependency;
			target = 5A46D2072E7A9BCE005EFE8D /* VehicleCompanion */;
			targetProxy = 5A46D2182E7A9BCF005EFE8D /* PBXContainerItemProxy */;
		};
		5A46D2232E7A9BCF005EFE8D /* PBXTargetDependency */ = {
			isa = PBXTargetDependency;
			target = 5A46D2072E7A9BCE005EFE8D /* VehicleCompanion */;
			targetProxy = 5A46D2222E7A9BCF005EFE8D /* PBXContainerItemProxy */;
		};
/* End PBXTargetDependency section */

/* Begin XCBuildConfiguration section */
		5A46D2292E7A9BCF005EFE8D /* Debug */ = {
			isa = XCBuildConfiguration;
			buildSettings = {
				ALWAYS_SEARCH_USER_PATHS = NO;
				ASSETCATALOG_COMPILER_GENERATE_SWIFT_ASSET_SYMBOL_EXTENSIONS = YES;
				CLANG_ANALYZER_NONNULL = YES;
				CLANG_ANALYZER_NUMBER_OBJECT_CONVERSION = YES_AGGRESSIVE;
				CLANG_CXX_LANGUAGE_STANDARD = "gnu++20";
				CLANG_ENABLE_MODULES = YES;
				CLANG_ENABLE_OBJC_ARC = YES;
				CLANG_ENABLE_OBJC_WEAK = YES;
				CLANG_WARN_BLOCK_CAPTURE_AUTORELEASING = YES;
				CLANG_WARN_BOOL_CONVERSION = YES;
				CLANG_WARN_COMMA = YES;
				CLANG_WARN_CONSTANT_CONVERSION = YES;
				CLANG_WARN_DEPRECATED_OBJC_IMPLEMENTATIONS = YES;
				CLANG_WARN_DIRECT_OBJC_ISA_USAGE = YES_ERROR;
				CLANG_WARN_DOCUMENTATION_COMMENTS = YES;
				CLANG_WARN_EMPTY_BODY = YES;
				CLANG_WARN_ENUM_CONVERSION = YES;
				CLANG_WARN_INFINITE_RECURSION = YES;
				CLANG_WARN_INT_CONVERSION = YES;
				CLANG_WARN_NON_LITERAL_NULL_CONVERSION = YES;
				CLANG_WARN_OBJC_IMPLICIT_RETAIN_SELF = YES;
				CLANG_WARN_OBJC_LITERAL_CONVERSION = YES;
				CLANG_WARN_OBJC_ROOT_CLASS = YES_ERROR;
				CLANG_WARN_QUOTED_INCLUDE_IN_FRAMEWORK_HEADER = YES;
				CLANG_WARN_RANGE_LOOP_ANALYSIS = YES;
				CLANG_WARN_STRICT_PROTOTYPES = YES;
				CLANG_WARN_SUSPICIOUS_MOVE = YES;
				CLANG_WARN_UNGUARDED_AVAILABILITY = YES_AGGRESSIVE;
				CLANG_WARN_UNREACHABLE_CODE = YES;
				CLANG_WARN__DUPLICATE_METHOD_MATCH = YES;
				COPY_PHASE_STRIP = NO;
				DEBUG_INFORMATION_FORMAT = dwarf;
				ENABLE_STRICT_OBJC_MSGSEND = YES;
				ENABLE_TESTABILITY = YES;
				ENABLE_USER_SCRIPT_SANDBOXING = YES;
				GCC_C_LANGUAGE_STANDARD = gnu17;
				GCC_DYNAMIC_NO_PIC = NO;
				GCC_NO_COMMON_BLOCKS = YES;
				GCC_OPTIMIZATION_LEVEL = 0;
				GCC_PREPROCESSOR_DEFINITIONS = (
					"DEBUG=1",
					"$(inherited)",
				);
				GCC_WARN_64_TO_32_BIT_CONVERSION = YES;
				GCC_WARN_ABOUT_RETURN_TYPE = YES_ERROR;
				GCC_WARN_UNDECLARED_SELECTOR = YES;
				GCC_WARN_UNINITIALIZED_AUTOS = YES_AGGRESSIVE;
				GCC_WARN_UNUSED_FUNCTION = YES;
				GCC_WARN_UNUSED_VARIABLE = YES;
				IPHONEOS_DEPLOYMENT_TARGET = 26.0;
				LOCALIZATION_PREFERS_STRING_CATALOGS = YES;
				MTL_ENABLE_DEBUG_INFO = INCLUDE_SOURCE;
				MTL_FAST_MATH = YES;
				ONLY_ACTIVE_ARCH = YES;
				SDKROOT = iphoneos;
				SWIFT_ACTIVE_COMPILATION_CONDITIONS = "DEBUG $(inherited)";
				SWIFT_OPTIMIZATION_LEVEL = "-Onone";
			};
			name = Debug;
		};
		5A46D22A2E7A9BCF005EFE8D /* Release */ = {
			isa = XCBuildConfiguration;
			buildSettings = {
				ALWAYS_SEARCH_USER_PATHS = NO;
				ASSETCATALOG_COMPILER_GENERATE_SWIFT_ASSET_SYMBOL_EXTENSIONS = YES;
				CLANG_ANALYZER_NONNULL = YES;
				CLANG_ANALYZER_NUMBER_OBJECT_CONVERSION = YES_AGGRESSIVE;
				CLANG_CXX_LANGUAGE_STANDARD = "gnu++20";
				CLANG_ENABLE_MODULES = YES;
				CLANG_ENABLE_OBJC_ARC = YES;
				CLANG_ENABLE_OBJC_WEAK = YES;
				CLANG_WARN_BLOCK_CAPTURE_AUTORELEASING = YES;
				CLANG_WARN_BOOL_CONVERSION = YES;
				CLANG_WARN_COMMA = YES;
				CLANG_WARN_CONSTANT_CONVERSION = YES;
				CLANG_WARN_DEPRECATED_OBJC_IMPLEMENTATIONS = YES;
				CLANG_WARN_DIRECT_OBJC_ISA_USAGE = YES_ERROR;
				CLANG_WARN_DOCUMENTATION_COMMENTS = YES;
				CLANG_WARN_EMPTY_BODY = YES;
				CLANG_WARN_ENUM_CONVERSION = YES;
				CLANG_WARN_INFINITE_RECURSION = YES;
				CLANG_WARN_INT_CONVERSION = YES;
				CLANG_WARN_NON_LITERAL_NULL_CONVERSION = YES;
				CLANG_WARN_OBJC_IMPLICIT_RETAIN_SELF = YES;
				CLANG_WARN_OBJC_LITERAL_CONVERSION = YES;
				CLANG_WARN_OBJC_ROOT_CLASS = YES_ERROR;
				CLANG_WARN_QUOTED_INCLUDE_IN_FRAMEWORK_HEADER = YES;
				CLANG_WARN_RANGE_LOOP_ANALYSIS = YES;
				CLANG_WARN_STRICT_PROTOTYPES = YES;
				CLANG_WARN_SUSPICIOUS_MOVE = YES;
				CLANG_WARN_UNGUARDED_AVAILABILITY = YES_AGGRESSIVE;
				CLANG_WARN_UNREACHABLE_CODE = YES;
				CLANG_WARN__DUPLICATE_METHOD_MATCH = YES;
				COPY_PHASE_STRIP = NO;
				DEBUG_INFORMATION_FORMAT = "dwarf-with-dsym";
				ENABLE_NS_ASSERTIONS = NO;
				ENABLE_STRICT_OBJC_MSGSEND = YES;
				ENABLE_USER_SCRIPT_SANDBOXING = YES;
				GCC_C_LANGUAGE_STANDARD = gnu17;
				GCC_NO_COMMON_BLOCKS = YES;
				GCC_WARN_64_TO_32_BIT_CONVERSION = YES;
				GCC_WARN_ABOUT_RETURN_TYPE = YES_ERROR;
				GCC_WARN_UNDECLARED_SELECTOR = YES;
				GCC_WARN_UNINITIALIZED_AUTOS = YES_AGGRESSIVE;
				GCC_WARN_UNUSED_FUNCTION = YES;
				GCC_WARN_UNUSED_VARIABLE = YES;
				IPHONEOS_DEPLOYMENT_TARGET = 26.0;
				LOCALIZATION_PREFERS_STRING_CATALOGS = YES;
				MTL_ENABLE_DEBUG_INFO = NO;
				MTL_FAST_MATH = YES;
				SDKROOT = iphoneos;
				SWIFT_COMPILATION_MODE = wholemodule;
				VALIDATE_PRODUCT = YES;
			};
			name = Release;
		};
		5A46D22C2E7A9BCF005EFE8D /* Debug */ = {
			isa = XCBuildConfiguration;
			buildSettings = {
				ASSETCATALOG_COMPILER_APPICON_NAME = AppIcon;
				ASSETCATALOG_COMPILER_GLOBAL_ACCENT_COLOR_NAME = AccentColor;
				CODE_SIGN_STYLE = Automatic;
				CURRENT_PROJECT_VERSION = 1;
				ENABLE_PREVIEWS = YES;
				GENERATE_INFOPLIST_FILE = YES;
				INFOPLIST_KEY_UIApplicationSceneManifest_Generation = YES;
				INFOPLIST_KEY_UIApplicationSupportsIndirectInputEvents = YES;
				INFOPLIST_KEY_UILaunchScreen_Generation = YES;
				INFOPLIST_KEY_UISupportedInterfaceOrientations_iPad = "UIInterfaceOrientationPortrait UIInterfaceOrientationPortraitUpsideDown UIInterfaceOrientationLandscapeLeft UIInterfaceOrientationLandscapeRight";
				INFOPLIST_KEY_UISupportedInterfaceOrientations_iPhone = "UIInterfaceOrientationPortrait UIInterfaceOrientationLandscapeLeft UIInterfaceOrientationLandscapeRight";
				IPHONEOS_DEPLOYMENT_TARGET = 17;
				LD_RUNPATH_SEARCH_PATHS = (
					"$(inherited)",
					"@executable_path/Frameworks",
				);
				MARKETING_VERSION = 1.0;
				PRODUCT_BUNDLE_IDENTIFIER = "yurii-petrov.VehicleCompanion";
				PRODUCT_NAME = "$(TARGET_NAME)";
				STRING_CATALOG_GENERATE_SYMBOLS = YES;
				SWIFT_APPROACHABLE_CONCURRENCY = YES;
				SWIFT_DEFAULT_ACTOR_ISOLATION = MainActor;
				SWIFT_EMIT_LOC_STRINGS = YES;
				SWIFT_UPCOMING_FEATURE_MEMBER_IMPORT_VISIBILITY = YES;
				SWIFT_VERSION = 5.0;
				TARGETED_DEVICE_FAMILY = "1,2";
			};
			name = Debug;
		};
		5A46D22D2E7A9BCF005EFE8D /* Release */ = {
			isa = XCBuildConfiguration;
			buildSettings = {
				ASSETCATALOG_COMPILER_APPICON_NAME = AppIcon;
				ASSETCATALOG_COMPILER_GLOBAL_ACCENT_COLOR_NAME = AccentColor;
				CODE_SIGN_STYLE = Automatic;
				CURRENT_PROJECT_VERSION = 1;
				ENABLE_PREVIEWS = YES;
				GENERATE_INFOPLIST_FILE = YES;
				INFOPLIST_KEY_UIApplicationSceneManifest_Generation = YES;
				INFOPLIST_KEY_UIApplicationSupportsIndirectInputEvents = YES;
				INFOPLIST_KEY_UILaunchScreen_Generation = YES;
				INFOPLIST_KEY_UISupportedInterfaceOrientations_iPad = "UIInterfaceOrientationPortrait UIInterfaceOrientationPortraitUpsideDown UIInterfaceOrientationLandscapeLeft UIInterfaceOrientationLandscapeRight";
				INFOPLIST_KEY_UISupportedInterfaceOrientations_iPhone = "UIInterfaceOrientationPortrait UIInterfaceOrientationLandscapeLeft UIInterfaceOrientationLandscapeRight";
				IPHONEOS_DEPLOYMENT_TARGET = 17;
				LD_RUNPATH_SEARCH_PATHS = (
					"$(inherited)",
					"@executable_path/Frameworks",
				);
				MARKETING_VERSION = 1.0;
				PRODUCT_BUNDLE_IDENTIFIER = "yurii-petrov.VehicleCompanion";
				PRODUCT_NAME = "$(TARGET_NAME)";
				STRING_CATALOG_GENERATE_SYMBOLS = YES;
				SWIFT_APPROACHABLE_CONCURRENCY = YES;
				SWIFT_DEFAULT_ACTOR_ISOLATION = MainActor;
				SWIFT_EMIT_LOC_STRINGS = YES;
				SWIFT_UPCOMING_FEATURE_MEMBER_IMPORT_VISIBILITY = YES;
				SWIFT_VERSION = 5.0;
				TARGETED_DEVICE_FAMILY = "1,2";
			};
			name = Release;
		};
		5A46D22F2E7A9BCF005EFE8D /* Debug */ = {
			isa = XCBuildConfiguration;
			buildSettings = {
				BUNDLE_LOADER = "$(TEST_HOST)";
				CODE_SIGN_STYLE = Automatic;
				CURRENT_PROJECT_VERSION = 1;
				GENERATE_INFOPLIST_FILE = YES;
				IPHONEOS_DEPLOYMENT_TARGET = 26.0;
				MARKETING_VERSION = 1.0;
				PRODUCT_BUNDLE_IDENTIFIER = "yurii-petrov.VehicleCompanionTests";
				PRODUCT_NAME = "$(TARGET_NAME)";
				STRING_CATALOG_GENERATE_SYMBOLS = NO;
				SWIFT_APPROACHABLE_CONCURRENCY = YES;
				SWIFT_EMIT_LOC_STRINGS = NO;
				SWIFT_UPCOMING_FEATURE_MEMBER_IMPORT_VISIBILITY = YES;
				SWIFT_VERSION = 5.0;
				TARGETED_DEVICE_FAMILY = "1,2";
				TEST_HOST = "$(BUILT_PRODUCTS_DIR)/VehicleCompanion.app/$(BUNDLE_EXECUTABLE_FOLDER_PATH)/VehicleCompanion";
			};
			name = Debug;
		};
		5A46D2302E7A9BCF005EFE8D /* Release */ = {
			isa = XCBuildConfiguration;
			buildSettings = {
				BUNDLE_LOADER = "$(TEST_HOST)";
				CODE_SIGN_STYLE = Automatic;
				CURRENT_PROJECT_VERSION = 1;
				GENERATE_INFOPLIST_FILE = YES;
				IPHONEOS_DEPLOYMENT_TARGET = 26.0;
				MARKETING_VERSION = 1.0;
				PRODUCT_BUNDLE_IDENTIFIER = "yurii-petrov.VehicleCompanionTests";
				PRODUCT_NAME = "$(TARGET_NAME)";
				STRING_CATALOG_GENERATE_SYMBOLS = NO;
				SWIFT_APPROACHABLE_CONCURRENCY = YES;
				SWIFT_EMIT_LOC_STRINGS = NO;
				SWIFT_UPCOMING_FEATURE_MEMBER_IMPORT_VISIBILITY = YES;
				SWIFT_VERSION = 5.0;
				TARGETED_DEVICE_FAMILY = "1,2";
				TEST_HOST = "$(BUILT_PRODUCTS_DIR)/VehicleCompanion.app/$(BUNDLE_EXECUTABLE_FOLDER_PATH)/VehicleCompanion";
			};
			name = Release;
		};
		5A46D2322E7A9BCF005EFE8D /* Debug */ = {
			isa = XCBuildConfiguration;
			buildSettings = {
				CODE_SIGN_STYLE = Automatic;
				CURRENT_PROJECT_VERSION = 1;
				GENERATE_INFOPLIST_FILE = YES;
				MARKETING_VERSION = 1.0;
				PRODUCT_BUNDLE_IDENTIFIER = "yurii-petrov.VehicleCompanionUITests";
				PRODUCT_NAME = "$(TARGET_NAME)";
				STRING_CATALOG_GENERATE_SYMBOLS = NO;
				SWIFT_APPROACHABLE_CONCURRENCY = YES;
				SWIFT_EMIT_LOC_STRINGS = NO;
				SWIFT_UPCOMING_FEATURE_MEMBER_IMPORT_VISIBILITY = YES;
				SWIFT_VERSION = 5.0;
				TARGETED_DEVICE_FAMILY = "1,2";
				TEST_TARGET_NAME = VehicleCompanion;
			};
			name = Debug;
		};
		5A46D2332E7A9BCF005EFE8D /* Release */ = {
			isa = XCBuildConfiguration;
			buildSettings = {
				CODE_SIGN_STYLE = Automatic;
				CURRENT_PROJECT_VERSION = 1;
				GENERATE_INFOPLIST_FILE = YES;
				MARKETING_VERSION = 1.0;
				PRODUCT_BUNDLE_IDENTIFIER = "yurii-petrov.VehicleCompanionUITests";
				PRODUCT_NAME = "$(TARGET_NAME)";
				STRING_CATALOG_GENERATE_SYMBOLS = NO;
				SWIFT_APPROACHABLE_CONCURRENCY = YES;
				SWIFT_EMIT_LOC_STRINGS = NO;
				SWIFT_UPCOMING_FEATURE_MEMBER_IMPORT_VISIBILITY = YES;
				SWIFT_VERSION = 5.0;
				TARGETED_DEVICE_FAMILY = "1,2";
				TEST_TARGET_NAME = VehicleCompanion;
			};
			name = Release;
		};
/* End XCBuildConfiguration section */

/* Begin XCConfigurationList section */
		5A46D2032E7A9BCE005EFE8D /* Build configuration list for PBXProject "VehicleCompanion" */ = {
			isa = XCConfigurationList;
			buildConfigurations = (
				5A46D2292E7A9BCF005EFE8D /* Debug */,
				5A46D22A2E7A9BCF005EFE8D /* Release */,
			);
			defaultConfigurationIsVisible = 0;
			defaultConfigurationName = Release;
		};
		5A46D22B2E7A9BCF005EFE8D /* Build configuration list for PBXNativeTarget "VehicleCompanion" */ = {
			isa = XCConfigurationList;
			buildConfigurations = (
				5A46D22C2E7A9BCF005EFE8D /* Debug */,
				5A46D22D2E7A9BCF005EFE8D /* Release */,
			);
			defaultConfigurationIsVisible = 0;
			defaultConfigurationName = Release;
		};
		5A46D22E2E7A9BCF005EFE8D /* Build configuration list for PBXNativeTarget "VehicleCompanionTests" */ = {
			isa = XCConfigurationList;
			buildConfigurations = (
				5A46D22F2E7A9BCF005EFE8D /* Debug */,
				5A46D2302E7A9BCF005EFE8D /* Release */,
			);
			defaultConfigurationIsVisible = 0;
			defaultConfigurationName = Release;
		};
		5A46D2312E7A9BCF005EFE8D /* Build configuration list for PBXNativeTarget "VehicleCompanionUITests" */ = {
			isa = XCConfigurationList;
			buildConfigurations = (
				5A46D2322E7A9BCF005EFE8D /* Debug */,
				5A46D2332E7A9BCF005EFE8D /* Release */,
			);
			defaultConfigurationIsVisible = 0;
			defaultConfigurationName = Release;
		};
/* End XCConfigurationList section */
	};
	rootObject = 5A46D2002E7A9BCE005EFE8D /* Project object */;
}
